
Microsoft Visual Studio Solution File, Format Version 12.00
# Visual Studio 15
Project("{FAE04EC0-301F-11D3-BF4B-00C04F79EFBC}") = "SignalRChatRoom", "SignalRChatRoom.csproj", "{3535F224-BB0C-4F11-8916-0CE352C0826C}"
EndProject
Global
	GlobalSection(SolutionConfigurationPlatforms) = preSolution
		Debug|Any CPU = Debug|Any CPU
		Release|Any CPU = Release|Any CPU
	EndGlobalSection
	GlobalSection(ProjectConfigurationPlatforms) = postSolution
		{3535F224-BB0C-4F11-8916-0CE352C0826C}.Debug|Any CPU.ActiveCfg = Debug|Any CPU
		{3535F224-BB0C-4F11-8916-0CE352C0826C}.Debug|Any CPU.Build.0 = Debug|Any CPU
		{3535F224-BB0C-4F11-8916-0CE352C0826C}.Release|Any CPU.ActiveCfg = Release|Any CPU
		{3535F224-BB0C-4F11-8916-0CE352C0826C}.Release|Any CPU.Build.0 = Release|Any CPU
	EndGlobalSection
EndGlobal
